[[package]]
category = "main"
description = "Simple, efficient SLAM in Python"
name = "breezyslam"
optional = false
python-versions = "*"
version = "0.1"

[package.source]
reference = ""
type = "file"
url = "dependencies/breezyslam-0.1.tar.gz"

[[package]]
category = "main"
description = "Python Serial Port Extension"
name = "pyserial"
optional = false
python-versions = "*"
version = "3.4"

[[package]]
category = "main"
description = ""
name = "roboviz"
optional = false
python-versions = "*"
version = "0.1"

[package.source]
reference = ""
type = "file"
url = "dependencies/roboviz-0.1.tar.gz"

[[package]]
category = "main"
description = "Simple and lightweight module for working with RPLidar laser scanners"
name = "rplidar"
optional = false
python-versions = "*"
version = "0.9.2"

[package.dependencies]
pyserial = "*"

[metadata]
content-hash = "35b0f2aa34b579a6f5df0b2086f99a1f05dfa3cffed384784df8554e0a7c8a86"
python-versions = "^3.8"

[metadata.hashes]
breezyslam = ["68684c4c4281eed4fba64cb572050a299d3a045508352a04a4394d3c97599e48"]
pyserial = ["6e2d401fdee0eab996cf734e67773a0143b932772ca8b42451440cfed942c627", "e0770fadba80c31013896c7e6ef703f72e7834965954a78e71a3049488d4d7d8"]
roboviz = ["8cff64edb0bd6c2f3160dbc609e2d3b34e7ef1d9479a8172b4bd29c932dacc12"]
rplidar = ["2799f85feb1d46943cdeb0ad5dc5fe8482e6ab1b20ae6367668b608fb76552e4"]
